
Microsoft Visual Studio Solution File, Format Version 12.00
# Visual Studio Version 17
VisualStudioVersion = 17.4.33213.308
MinimumVisualStudioVersion = 10.0.40219.1
Project("{FAE04EC0-301F-11D3-BF4B-00C04F79EFBC}") = "WikiApplication", "WikiApplication\WikiApplication.csproj", "{AD938C00-79D1-408F-ABDE-1AB93325F93C}"
EndProject
Global
	GlobalSection(SolutionConfigurationPlatforms) = preSolution
		Debug|Any CPU = Debug|Any CPU
		Release|Any CPU = Release|Any CPU
	EndGlobalSection
	GlobalSection(ProjectConfigurationPlatforms) = postSolution
		{AD938C00-79D1-408F-ABDE-1AB93325F93C}.Debug|Any CPU.ActiveCfg = Debug|Any CPU
		{AD938C00-79D1-408F-ABDE-1AB93325F93C}.Debug|Any CPU.Build.0 = Debug|Any CPU
		{AD938C00-79D1-408F-ABDE-1AB93325F93C}.Release|Any CPU.ActiveCfg = Release|Any CPU
		{AD938C00-79D1-408F-ABDE-1AB93325F93C}.Release|Any CPU.Build.0 = Release|Any CPU
	EndGlobalSection
	GlobalSection(SolutionProperties) = preSolution
		HideSolutionNode = FALSE
	EndGlobalSection
	GlobalSection(ExtensibilityGlobals) = postSolution
		SolutionGuid = {6FCD8E63-FDEF-46EF-8FE7-1A7327F52C67}
	EndGlobalSection
EndGlobal
